
Microsoft Visual Studio Solution File, Format Version 12.00
# Visual Studio Version 17
VisualStudioVersion = 17.10.35013.160
MinimumVisualStudioVersion = 10.0.40219.1
Project("{FAE04EC0-301F-11D3-BF4B-00C04F79EFBC}") = "CuttingStock", "CuttingStock.UI\CuttingStock.csproj", "{7A355C39-042C-490B-8771-9BFCDF686D05}"
EndProject
Project("{FAE04EC0-301F-11D3-BF4B-00C04F79EFBC}") = "CuttingStock.Core", "CuttingStock.Core\CuttingStock.Core.csproj", "{B8A92F2D-7E3A-4F1C-9C0D-1234567890AB}"
EndProject
Project("{FAE04EC0-301F-11D3-BF4B-00C04F79EFBC}") = "CuttingStock.Tests", "CuttingStock.Tests\CuttingStock.Tests.csproj", "{EDE4EF08-AA0C-472E-85F4-5C4F15F07660}"
EndProject
Project("{FAE04EC0-301F-11D3-BF4B-00C04F79EFBC}") = "CuttingStock.Benchmarks", "CuttingStock.Benchmarks\CuttingStock.Benchmarks.csproj", "{85788BBB-43C7-48D7-933F-24A2A5B2D5F1}"
EndProject
Global
	GlobalSection(SolutionConfigurationPlatforms) = preSolution
		Debug|Any CPU = Debug|Any CPU
		Release|Any CPU = Release|Any CPU
	EndGlobalSection
	GlobalSection(ProjectConfigurationPlatforms) = postSolution
		{7A355C39-042C-490B-8771-9BFCDF686D05}.Debug|Any CPU.ActiveCfg = Debug|Any CPU
		{7A355C39-042C-490B-8771-9BFCDF686D05}.Debug|Any CPU.Build.0 = Debug|Any CPU
		{7A355C39-042C-490B-8771-9BFCDF686D05}.Release|Any CPU.ActiveCfg = Release|Any CPU
		{7A355C39-042C-490B-8771-9BFCDF686D05}.Release|Any CPU.Build.0 = Release|Any CPU
		{B8A92F2D-7E3A-4F1C-9C0D-1234567890AB}.Debug|Any CPU.ActiveCfg = Debug|Any CPU
		{B8A92F2D-7E3A-4F1C-9C0D-1234567890AB}.Debug|Any CPU.Build.0 = Debug|Any CPU
		{B8A92F2D-7E3A-4F1C-9C0D-1234567890AB}.Release|Any CPU.ActiveCfg = Release|Any CPU
		{B8A92F2D-7E3A-4F1C-9C0D-1234567890AB}.Release|Any CPU.Build.0 = Release|Any CPU
		{EDE4EF08-AA0C-472E-85F4-5C4F15F07660}.Debug|Any CPU.ActiveCfg = Debug|Any CPU
		{EDE4EF08-AA0C-472E-85F4-5C4F15F07660}.Debug|Any CPU.Build.0 = Debug|Any CPU
		{EDE4EF08-AA0C-472E-85F4-5C4F15F07660}.Release|Any CPU.ActiveCfg = Release|Any CPU
		{EDE4EF08-AA0C-472E-85F4-5C4F15F07660}.Release|Any CPU.Build.0 = Release|Any CPU
		{85788BBB-43C7-48D7-933F-24A2A5B2D5F1}.Debug|Any CPU.ActiveCfg = Debug|Any CPU
		{85788BBB-43C7-48D7-933F-24A2A5B2D5F1}.Debug|Any CPU.Build.0 = Debug|Any CPU
		{85788BBB-43C7-48D7-933F-24A2A5B2D5F1}.Release|Any CPU.ActiveCfg = Release|Any CPU
		{85788BBB-43C7-48D7-933F-24A2A5B2D5F1}.Release|Any CPU.Build.0 = Release|Any CPU
	EndGlobalSection
	GlobalSection(SolutionProperties) = preSolution
		HideSolutionNode = FALSE
	EndGlobalSection
	GlobalSection(ExtensibilityGlobals) = postSolution
		SolutionGuid = {4113C20E-7104-42FC-9ADD-2900843D2290}
	EndGlobalSection
EndGlobal
